data:
  cmd: python3 data_prepare.py
  outs:
  - path: prepared_data.csv
    md5: 116391bb9ea2a58e9316cd9f19923ee8
training:
  cmd: python3 regression.py
  deps:
  - path: prepared_data.csv
    md5: 116391bb9ea2a58e9316cd9f19923ee8
  params:
    params.yaml:
      scaler: MinMaxScaler
  outs:
  - path: model.pkl
    md5: 42fd5357c44a8ab3f3252fd62bed420f
  - path: plots.json
    md5: f07458b779be4f69d74b71c49117d2ee
  - path: scores.json
    md5: 314d244e4a918c7c048cf5ffd19aa646
