data:
  cmd: python3 data_prepare.py
  outs:
  - path: prepared_data.csv
    md5: 116391bb9ea2a58e9316cd9f19923ee8
training:
  cmd: python3 regression.py
  deps:
  - path: prepared_data.csv
    md5: 116391bb9ea2a58e9316cd9f19923ee8
  params:
    params.yaml:
      scaler: MaxAbsScaler
  outs:
  - path: model.pkl
    md5: 752f9d9f00b1237a83518679d1160238
  - path: plots.json
    md5: d4baeb58de7f27b0971a89cd57fd018d
  - path: scores.json
    md5: 15544a765191f3b5ecb51e682094a22c
